
Microsoft Visual Studio Solution File, Format Version 10.00
# Visual Studio 2008
Project("{8BC9CEB8-8B4A-11D0-8D11-00A0C91BC942}") = "SNES Next", "SNES Next\SNES Next.vcproj", "{EF6C8260-1E00-40A7-81E5-2A3C856567D5}"
EndProject
Global
	GlobalSection(SolutionConfigurationPlatforms) = preSolution
		PS3 SNC Debug|Win32 = PS3 SNC Debug|Win32
		PS3 SNC Release|Win32 = PS3 SNC Release|Win32
	EndGlobalSection
	GlobalSection(ProjectConfigurationPlatforms) = postSolution
		{EF6C8260-1E00-40A7-81E5-2A3C856567D5}.PS3 SNC Debug|Win32.ActiveCfg = PS3 SNC Debug|Win32
		{EF6C8260-1E00-40A7-81E5-2A3C856567D5}.PS3 SNC Debug|Win32.Build.0 = PS3 SNC Debug|Win32
		{EF6C8260-1E00-40A7-81E5-2A3C856567D5}.PS3 SNC Release|Win32.ActiveCfg = PS3 SNC Release|Win32
		{EF6C8260-1E00-40A7-81E5-2A3C856567D5}.PS3 SNC Release|Win32.Build.0 = PS3 SNC Release|Win32
	EndGlobalSection
	GlobalSection(SolutionProperties) = preSolution
		HideSolutionNode = FALSE
	EndGlobalSection
EndGlobal
